{
  "name": "pod-greeter",
  "version": "1.0.0",
  "lockfileVersion": 1,
  "dependencies": {
    "@types/caseless": {
      "version": "0.12.1",
      "resolved": "https://vanir.rmm.milesapp.com/repository/milesnpm-group/@types/caseless/-/caseless-0.12.1.tgz",
      "integrity": "sha512-FhlMa34NHp9K5MY1Uz8yb+ZvuX0pnvn3jScRSNAb75KHGB8d3rEU6hqMs3Z2vjuytcMfRg6c5CHMc3wtYyD2/A==",
      "dev": true
    },
    "@types/form-data": {
      "version": "2.2.1",
      "resolved": "https://vanir.rmm.milesapp.com/repository/milesnpm-group/@types/form-data/-/form-data-2.2.1.tgz",
      "integrity": "sha512-JAMFhOaHIciYVh8fb5/83nmuO/AHwmto+Hq7a9y8FzLDcC1KCU344XDOMEmahnrTFlHjgh4L0WJFczNIX2GxnQ==",
      "dev": true
    },
    "@types/node": {
      "version": "10.12.12",
      "resolved": "https://vanir.rmm.milesapp.com/repository/milesnpm-group/@types/node/-/node-10.12.12.tgz",
      "integrity": "sha512-Pr+6JRiKkfsFvmU/LK68oBRCQeEg36TyAbPhc2xpez24OOZZCuoIhWGTd39VZy6nGafSbxzGouFPTFD/rR1A0A==",
      "dev": true
    },
    "@types/request": {
      "version": "2.48.1",
      "resolved": "https://vanir.rmm.milesapp.com/repository/milesnpm-group/@types/request/-/request-2.48.1.tgz",
      "integrity": "sha512-ZgEZ1TiD+KGA9LiAAPPJL68Id2UWfeSO62ijSXZjFJArVV+2pKcsVHmrcu+1oiE3q6eDGiFiSolRc4JHoerBBg==",
      "dev": true
    },
    "@types/tough-cookie": {
      "version": "2.3.4",
      "resolved": "https://vanir.rmm.milesapp.com/repository/milesnpm-group/@types/tough-cookie/-/tough-cookie-2.3.4.tgz",
      "integrity": "sha512-Set5ZdrAaKI/qHdFlVMgm/GsAv/wkXhSTuZFkJ+JI7HK+wIkIlOaUXSXieIvJ0+OvGIqtREFoE+NHJtEq0gtEw==",
      "dev": true
    },
    "ajv": {
      "version": "6.6.1",
      "resolved": "https://vanir.rmm.milesapp.com/repository/milesnpm-group/ajv/-/ajv-6.6.1.tgz",
      "integrity": "sha512-ZoJjft5B+EJBjUyu9C9Hc0OZyPZSSlOF+plzouTrg6UlA8f+e/n8NIgBFG/9tppJtpPWfthHakK7juJdNDODww=="
    },
    "arguments-extended": {
      "version": "0.0.3",
      "resolved": "https://vanir.rmm.milesapp.com/repository/milesnpm-group/arguments-extended/-/arguments-extended-0.0.3.tgz",
      "integrity": "sha1-YQfkkX0OtvCk3WYyD8Fa/HLvSUY="
    },
    "array-extended": {
      "version": "0.0.11",
      "resolved": "https://vanir.rmm.milesapp.com/repository/milesnpm-group/array-extended/-/array-extended-0.0.11.tgz",
      "integrity": "sha1-1xRK50jek8pybxIQCdv/FibRZL0="
    },
    "asn1": {
      "version": "0.2.4",
      "resolved": "https://vanir.rmm.milesapp.com/repository/milesnpm-group/asn1/-/asn1-0.2.4.tgz",
      "integrity": "sha512-jxwzQpLQjSmWXgwaCZE9Nz+glAG01yF1QnWgbhGwHI5A6FRIEY6IVqtHhIepHqI7/kyEyQEagBC5mBEFlIYvdg=="
    },
    "assert-plus": {
      "version": "1.0.0",
      "resolved": "https://vanir.rmm.milesapp.com/repository/milesnpm-group/assert-plus/-/assert-plus-1.0.0.tgz",
      "integrity": "sha1-8S4PPF13sLHN2RRpQuTpbB5N1SU="
    },
    "asynckit": {
      "version": "0.4.0",
      "resolved": "https://vanir.rmm.milesapp.com/repository/milesnpm-group/asynckit/-/asynckit-0.4.0.tgz",
      "integrity": "sha1-x57Zf380y48robyXkLzDZkdLS3k="
    },
    "aws-sign2": {
      "version": "0.7.0",
      "resolved": "https://vanir.rmm.milesapp.com/repository/milesnpm-group/aws-sign2/-/aws-sign2-0.7.0.tgz",
      "integrity": "sha1-tG6JCTSpWR8tL2+G1+ap8bP+dqg="
    },
    "aws4": {
      "version": "1.8.0",
      "resolved": "https://vanir.rmm.milesapp.com/repository/milesnpm-group/aws4/-/aws4-1.8.0.tgz",
      "integrity": "sha512-ReZxvNHIOv88FlT7rxcXIIC0fPt4KZqZbOlivyWtXLt8ESx84zd3kMC6iK5jVeS2qt+g7ftS7ye4fi06X5rtRQ=="
    },
    "bcrypt-pbkdf": {
      "version": "1.0.2",
      "resolved": "https://vanir.rmm.milesapp.com/repository/milesnpm-group/bcrypt-pbkdf/-/bcrypt-pbkdf-1.0.2.tgz",
      "integrity": "sha1-pDAdOJtqQ/m2f/PKEaP2Y342Dp4="
    },
    "bluebird": {
      "version": "3.5.3",
      "resolved": "https://vanir.rmm.milesapp.com/repository/milesnpm-group/bluebird/-/bluebird-3.5.3.tgz",
      "integrity": "sha512-/qKPUQlaW1OyR51WeCPBvRnAlnZFUJkCSG5HzGnuIqhgyJtF+T94lFnn33eiazjRm2LAHVy2guNnaq48X9SJuw=="
    },
    "caseless": {
      "version": "0.12.0",
      "resolved": "https://vanir.rmm.milesapp.com/repository/milesnpm-group/caseless/-/caseless-0.12.0.tgz",
      "integrity": "sha1-G2gcIf+EAzyCZUMJBolCDRhxUdw="
    },
    "cognitive-services": {
      "version": "1.2.1",
      "resolved": "https://vanir.rmm.milesapp.com/repository/milesnpm-group/cognitive-services/-/cognitive-services-1.2.1.tgz",
      "integrity": "sha512-ouuvdVhnalVrOKCsFnNxkRzsaO+KIRJtyh/8IDn8VaDH4kwWEdOnTC6YLIeOyVWlgoA3Le2D9xdD4p3e4Ni8HA=="
    },
    "combined-stream": {
      "version": "1.0.7",
      "resolved": "https://vanir.rmm.milesapp.com/repository/milesnpm-group/combined-stream/-/combined-stream-1.0.7.tgz",
      "integrity": "sha512-brWl9y6vOB1xYPZcpZde3N9zDByXTosAeMDo4p1wzo6UMOX4vumB+TP1RZ76sfE6Md68Q0NJSrE/gbezd4Ul+w=="
    },
    "core-util-is": {
      "version": "1.0.2",
      "resolved": "https://vanir.rmm.milesapp.com/repository/milesnpm-group/core-util-is/-/core-util-is-1.0.2.tgz",
      "integrity": "sha1-tf1UIgqivFq1eqtxQMlAdUUDwac="
    },
    "dashdash": {
      "version": "1.14.1",
      "resolved": "https://vanir.rmm.milesapp.com/repository/milesnpm-group/dashdash/-/dashdash-1.14.1.tgz",
      "integrity": "sha1-hTz6D3y+L+1d4gMmuN1YEDX24vA="
    },
    "date-extended": {
      "version": "0.0.6",
      "resolved": "https://vanir.rmm.milesapp.com/repository/milesnpm-group/date-extended/-/date-extended-0.0.6.tgz",
      "integrity": "sha1-I4AtV90b94GIE/4MMuhRqG2iZ8k="
    },
    "declare.js": {
      "version": "0.0.8",
      "resolved": "https://vanir.rmm.milesapp.com/repository/milesnpm-group/declare.js/-/declare.js-0.0.8.tgz",
      "integrity": "sha1-BHit/5VkwAT1Hfc9i8E0AZ0o3N4="
    },
    "delayed-stream": {
      "version": "1.0.0",
      "resolved": "https://vanir.rmm.milesapp.com/repository/milesnpm-group/delayed-stream/-/delayed-stream-1.0.0.tgz",
      "integrity": "sha1-3zrhmayt+31ECqrgsp4icrJOxhk="
    },
    "dotenv": {
      "version": "6.2.0",
      "resolved": "https://vanir.rmm.milesapp.com/repository/milesnpm-group/dotenv/-/dotenv-6.2.0.tgz",
      "integrity": "sha512-HygQCKUBSFl8wKQZBSemMywRWcEDNidvNbjGVyZu3nbZ8qq9ubiPoGLMdRDpfSrpkkm9BXYFkpKxxFX38o/76w=="
    },
    "ecc-jsbn": {
      "version": "0.1.2",
      "resolved": "https://vanir.rmm.milesapp.com/repository/milesnpm-group/ecc-jsbn/-/ecc-jsbn-0.1.2.tgz",
      "integrity": "sha1-OoOpBOVDUyh4dMVkt1SThoSamMk="
    },
    "err-code": {
      "version": "1.1.2",
      "resolved": "https://vanir.rmm.milesapp.com/repository/milesnpm-group/err-code/-/err-code-1.1.2.tgz",
      "integrity": "sha1-BuARbTAo9q70gGhJ6w6mp0iuaWA="
    },
    "extend": {
      "version": "3.0.2",
      "resolved": "https://vanir.rmm.milesapp.com/repository/milesnpm-group/extend/-/extend-3.0.2.tgz",
      "integrity": "sha512-fjquC59cD7CyW6urNXK0FBufkZcoiGG80wTuPujX590cB5Ttln20E2UB4S/WARVqhXffZl2LNgS+gQdPIIim/g=="
    },
    "extended": {
      "version": "0.0.6",
      "resolved": "https://vanir.rmm.milesapp.com/repository/milesnpm-group/extended/-/extended-0.0.6.tgz",
      "integrity": "sha1-f7i/e52uOXWG5IVwrP1kLHjlBmk="
    },
    "extender": {
      "version": "0.0.10",
      "resolved": "https://vanir.rmm.milesapp.com/repository/milesnpm-group/extender/-/extender-0.0.10.tgz",
      "integrity": "sha1-WJwHSCvmGhRgttgfnCSqZ+jzJM0="
    },
    "extsprintf": {
      "version": "1.3.0",
      "resolved": "https://vanir.rmm.milesapp.com/repository/milesnpm-group/extsprintf/-/extsprintf-1.3.0.tgz",
      "integrity": "sha1-lpGEQOMEGnpBT4xS48V06zw+HgU="
    },
    "fast-csv": {
      "version": "2.4.1",
      "resolved": "https://vanir.rmm.milesapp.com/repository/milesnpm-group/fast-csv/-/fast-csv-2.4.1.tgz",
      "integrity": "sha1-vX3SaDkfcpNntZRFuN0K0CaIGyY="
    },
    "fast-deep-equal": {
      "version": "2.0.1",
      "resolved": "https://vanir.rmm.milesapp.com/repository/milesnpm-group/fast-deep-equal/-/fast-deep-equal-2.0.1.tgz",
      "integrity": "sha1-ewUhjd+WZ79/Nwv3/bLLFf3Qqkk="
    },
    "fast-json-stable-stringify": {
      "version": "2.0.0",
      "resolved": "https://vanir.rmm.milesapp.com/repository/milesnpm-group/fast-json-stable-stringify/-/fast-json-stable-stringify-2.0.0.tgz",
      "integrity": "sha1-1RQsDK7msRifh9OnYREGT4bIu/I="
    },
    "forever-agent": {
      "version": "0.6.1",
      "resolved": "https://vanir.rmm.milesapp.com/repository/milesnpm-group/forever-agent/-/forever-agent-0.6.1.tgz",
      "integrity": "sha1-+8cfDEGt6zf5bFd60e1C2P2sypE="
    },
    "form-data": {
      "version": "2.3.3",
      "resolved": "https://vanir.rmm.milesapp.com/repository/milesnpm-group/form-data/-/form-data-2.3.3.tgz",
      "integrity": "sha512-1lLKB2Mu3aGP1Q/2eCOx0fNbRMe7XdwktwOruhfqqd0rIJWwN4Dh+E3hrPSlDCXnSR7UtZ1N38rVXm+6+MEhJQ=="
    },
    "getpass": {
      "version": "0.1.7",
      "resolved": "https://vanir.rmm.milesapp.com/repository/milesnpm-group/getpass/-/getpass-0.1.7.tgz",
      "integrity": "sha1-Xv+OPmhNVprkyysSgmBOi6YhSfo="
    },
    "har-schema": {
      "version": "2.0.0",
      "resolved": "https://vanir.rmm.milesapp.com/repository/milesnpm-group/har-schema/-/har-schema-2.0.0.tgz",
      "integrity": "sha1-qUwiJOvKwEeCoNkDVSHyRzW37JI="
    },
    "har-validator": {
      "version": "5.1.3",
      "resolved": "https://vanir.rmm.milesapp.com/repository/milesnpm-group/har-validator/-/har-validator-5.1.3.tgz",
      "integrity": "sha512-sNvOCzEQNr/qrvJgc3UG/kD4QtlHycrzwS+6mfTrrSq97BvaYcPZZI1ZSqGSPR73Cxn4LKTD4PttRwfU7jWq5g=="
    },
    "http-signature": {
      "version": "1.2.0",
      "resolved": "https://vanir.rmm.milesapp.com/repository/milesnpm-group/http-signature/-/http-signature-1.2.0.tgz",
      "integrity": "sha1-muzZJRFHcvPZW2WmCruPfBj7rOE="
    },
    "is-extended": {
      "version": "0.0.10",
      "resolved": "https://vanir.rmm.milesapp.com/repository/milesnpm-group/is-extended/-/is-extended-0.0.10.tgz",
      "integrity": "sha1-JE4UDfdbscmjEG9BL/GC+1NKbWI="
    },
    "is-typedarray": {
      "version": "1.0.0",
      "resolved": "https://vanir.rmm.milesapp.com/repository/milesnpm-group/is-typedarray/-/is-typedarray-1.0.0.tgz",
      "integrity": "sha1-5HnICFjfDBsR3dppQPlgEfzaSpo="
    },
    "isstream": {
      "version": "0.1.2",
      "resolved": "https://vanir.rmm.milesapp.com/repository/milesnpm-group/isstream/-/isstream-0.1.2.tgz",
      "integrity": "sha1-R+Y/evVa+m+S4VAOaQ64uFKcCZo="
    },
    "jsbn": {
      "version": "0.1.1",
      "resolved": "https://vanir.rmm.milesapp.com/repository/milesnpm-group/jsbn/-/jsbn-0.1.1.tgz",
      "integrity": "sha1-peZUwuWi3rXyAdls77yoDA7y9RM="
    },
    "json-schema": {
      "version": "0.2.3",
      "resolved": "https://vanir.rmm.milesapp.com/repository/milesnpm-group/json-schema/-/json-schema-0.2.3.tgz",
      "integrity": "sha1-tIDIkuWaLwWVTOcnvT8qTogvnhM="
    },
    "json-schema-traverse": {
      "version": "0.4.1",
      "resolved": "https://vanir.rmm.milesapp.com/repository/milesnpm-group/json-schema-traverse/-/json-schema-traverse-0.4.1.tgz",
      "integrity": "sha512-xbbCH5dCYU5T8LcEhhuh7HJ88HXuW3qsI3Y0zOZFKfZEHcpWiHU/Jxzk629Brsab/mMiHQti9wMP+845RPe3Vg=="
    },
    "json-stringify-safe": {
      "version": "5.0.1",
      "resolved": "https://vanir.rmm.milesapp.com/repository/milesnpm-group/json-stringify-safe/-/json-stringify-safe-5.0.1.tgz",
      "integrity": "sha1-Epai1Y/UXxmg9s4B1lcB4sc1tus="
    },
    "jsprim": {
      "version": "1.4.1",
      "resolved": "https://vanir.rmm.milesapp.com/repository/milesnpm-group/jsprim/-/jsprim-1.4.1.tgz",
      "integrity": "sha1-MT5mvB5cwG5Di8G3SZwuXFastqI="
    },
    "lodash": {
      "version": "4.17.11",
      "resolved": "https://vanir.rmm.milesapp.com/repository/milesnpm-group/lodash/-/lodash-4.17.11.tgz",
      "integrity": "sha512-cQKh8igo5QUhZ7lg38DYWAxMvjSAKG0A8wGSVimP07SIUEK2UO+arSRKbRZWtelMtN5V0Hkwh5ryOto/SshYIg=="
    },
    "mime-db": {
      "version": "1.37.0",
      "resolved": "https://vanir.rmm.milesapp.com/repository/milesnpm-group/mime-db/-/mime-db-1.37.0.tgz",
      "integrity": "sha512-R3C4db6bgQhlIhPU48fUtdVmKnflq+hRdad7IyKhtFj06VPNVdk2RhiYL3UjQIlso8L+YxAtFkobT0VK+S/ybg=="
    },
    "mime-types": {
      "version": "2.1.21",
      "resolved": "https://vanir.rmm.milesapp.com/repository/milesnpm-group/mime-types/-/mime-types-2.1.21.tgz",
      "integrity": "sha512-3iL6DbwpyLzjR3xHSFNFeb9Nz/M8WDkX33t1GFQnFOllWk8pOrh/LSrB5OXlnlW5P9LH73X6loW/eogc+F5lJg=="
    },
    "oauth-sign": {
      "version": "0.9.0",
      "resolved": "https://vanir.rmm.milesapp.com/repository/milesnpm-group/oauth-sign/-/oauth-sign-0.9.0.tgz",
      "integrity": "sha512-fexhUFFPTGV8ybAtSIGbV6gOkSv8UtRbDBnAyLQw4QPKkgNlsH2ByPGtMUqdWkos6YCRmAqViwgZrJc/mRDzZQ=="
    },
    "object-extended": {
      "version": "0.0.7",
      "resolved": "https://vanir.rmm.milesapp.com/repository/milesnpm-group/object-extended/-/object-extended-0.0.7.tgz",
      "integrity": "sha1-hP0j9WsVWCrrPoiwXLVdJDLWijM="
    },
    "p-limit": {
      "version": "1.3.0",
      "resolved": "https://vanir.rmm.milesapp.com/repository/milesnpm-group/p-limit/-/p-limit-1.3.0.tgz",
      "integrity": "sha512-vvcXsLAJ9Dr5rQOPk7toZQZJApBl2K4J6dANSsEuh6QI41JYcsS/qhTGa9ErIUUgK3WNQoJYvylxvjqmiqEA9Q=="
    },
    "p-try": {
      "version": "1.0.0",
      "resolved": "https://vanir.rmm.milesapp.com/repository/milesnpm-group/p-try/-/p-try-1.0.0.tgz",
      "integrity": "sha1-y8ec26+P1CKOE/Yh8rGiN8GyB7M="
    },
    "performance-now": {
      "version": "2.1.0",
      "resolved": "https://vanir.rmm.milesapp.com/repository/milesnpm-group/performance-now/-/performance-now-2.1.0.tgz",
      "integrity": "sha1-Ywn04OX6kT7BxpMHrjZLSzd8nns="
    },
    "promise-retry": {
      "version": "1.1.1",
      "resolved": "https://vanir.rmm.milesapp.com/repository/milesnpm-group/promise-retry/-/promise-retry-1.1.1.tgz",
      "integrity": "sha1-ZznpaOMFHaIM5kl/srUPaRHfPW0="
    },
    "psl": {
      "version": "1.1.29",
      "resolved": "https://vanir.rmm.milesapp.com/repository/milesnpm-group/psl/-/psl-1.1.29.tgz",
      "integrity": "sha512-AeUmQ0oLN02flVHXWh9sSJF7mcdFq0ppid/JkErufc3hGIV/AMa8Fo9VgDo/cT2jFdOWoFvHp90qqBH54W+gjQ=="
    },
    "punycode": {
      "version": "2.1.1",
      "resolved": "https://vanir.rmm.milesapp.com/repository/milesnpm-group/punycode/-/punycode-2.1.1.tgz",
      "integrity": "sha512-XRsRjdf+j5ml+y/6GKHPZbrF/8p2Yga0JPtdqTIY2Xe5ohJPD9saDJJLPvp9+NSBprVvevdXZybnj2cv8OEd0A=="
    },
    "qs": {
      "version": "6.5.2",
      "resolved": "https://vanir.rmm.milesapp.com/repository/milesnpm-group/qs/-/qs-6.5.2.tgz",
      "integrity": "sha512-N5ZAX4/LxJmF+7wN74pUD6qAh9/wnvdQcjq9TZjevvXzSUo7bfmw91saqMjzGS2xq91/odN2dW/WOl7qQHNDGA=="
    },
    "request": {
      "version": "2.88.0",
      "resolved": "https://vanir.rmm.milesapp.com/repository/milesnpm-group/request/-/request-2.88.0.tgz",
      "integrity": "sha512-NAqBSrijGLZdM0WZNsInLJpkJokL72XYjUpnB0iwsRgxh7dB6COrHnTBNwN0E+lHDAJzu7kLAkDeY08z2/A0hg=="
    },
    "request-promise": {
      "version": "4.2.2",
      "resolved": "https://vanir.rmm.milesapp.com/repository/milesnpm-group/request-promise/-/request-promise-4.2.2.tgz",
      "integrity": "sha1-0epG1lSm7k+O5qT+oQGMIpEZBLQ="
    },
    "request-promise-core": {
      "version": "1.1.1",
      "resolved": "https://vanir.rmm.milesapp.com/repository/milesnpm-group/request-promise-core/-/request-promise-core-1.1.1.tgz",
      "integrity": "sha1-Pu4AssWqgyOc+wTFcA2jb4HNCLY="
    },
    "retry": {
      "version": "0.10.1",
      "resolved": "https://vanir.rmm.milesapp.com/repository/milesnpm-group/retry/-/retry-0.10.1.tgz",
      "integrity": "sha1-52OI0heZLCUnUCQdPTlW/tmNj/Q="
    },
    "safe-buffer": {
      "version": "5.1.2",
      "resolved": "https://vanir.rmm.milesapp.com/repository/milesnpm-group/safe-buffer/-/safe-buffer-5.1.2.tgz",
      "integrity": "sha512-Gd2UZBJDkXlY7GbJxfsE8/nvKkUEU1G38c1siN6QP6a9PT9MmHB8GnpscSmMJSoF8LOIrt8ud/wPtojys4G6+g=="
    },
    "safer-buffer": {
      "version": "2.1.2",
      "resolved": "https://vanir.rmm.milesapp.com/repository/milesnpm-group/safer-buffer/-/safer-buffer-2.1.2.tgz",
      "integrity": "sha512-YZo3K82SD7Riyi0E1EQPojLz7kpepnSQI9IyPbHHg1XXXevb5dJI7tpyN2ADxGcQbHG7vcyRHk0cbwqcQriUtg=="
    },
    "sax": {
      "version": "1.2.4",
      "resolved": "https://vanir.rmm.milesapp.com/repository/milesnpm-group/sax/-/sax-1.2.4.tgz",
      "integrity": "sha512-NqVDv9TpANUjFm0N8uM5GxL36UgKi9/atZw+x7YFnQ8ckwFGKrl4xX4yWtrey3UJm5nP1kUbnYgLopqWNSRhWw=="
    },
    "sleep-promise": {
      "version": "8.0.1",
      "resolved": "https://vanir.rmm.milesapp.com/repository/milesnpm-group/sleep-promise/-/sleep-promise-8.0.1.tgz",
      "integrity": "sha1-jXlaJ+ojlT32tSuRCB5eImZZk8U="
    },
    "sshpk": {
      "version": "1.15.2",
      "resolved": "https://vanir.rmm.milesapp.com/repository/milesnpm-group/sshpk/-/sshpk-1.15.2.tgz",
      "integrity": "sha512-Ra/OXQtuh0/enyl4ETZAfTaeksa6BXks5ZcjpSUNrjBr0DvrJKX+1fsKDPpT9TBXgHAFsa4510aNVgI8g/+SzA=="
    },
    "stealthy-require": {
      "version": "1.1.1",
      "resolved": "https://vanir.rmm.milesapp.com/repository/milesnpm-group/stealthy-require/-/stealthy-require-1.1.1.tgz",
      "integrity": "sha1-NbCYdbT/SfJqd35QmzCQoyJr8ks="
    },
    "string-extended": {
      "version": "0.0.8",
      "resolved": "https://vanir.rmm.milesapp.com/repository/milesnpm-group/string-extended/-/string-extended-0.0.8.tgz",
      "integrity": "sha1-dBlX3/SHsCcqee7FpE8jnubxfM0="
    },
    "tough-cookie": {
      "version": "2.4.3",
      "resolved": "https://vanir.rmm.milesapp.com/repository/milesnpm-group/tough-cookie/-/tough-cookie-2.4.3.tgz",
      "integrity": "sha512-Q5srk/4vDM54WJsJio3XNn6K2sCG+CQ8G5Wz6bZhRZoAe/+TxjWB/GlFAnYEbkYVlON9FMk/fE3h2RLpPXo4lQ==",
      "dependencies": {
        "punycode": {
          "version": "1.4.1",
          "resolved": "https://vanir.rmm.milesapp.com/repository/milesnpm-group/punycode/-/punycode-1.4.1.tgz",
          "integrity": "sha1-wNWmOycYgArY4esPpSachN1BhF4="
        }
      }
    },
    "tunnel-agent": {
      "version": "0.6.0",
      "resolved": "https://vanir.rmm.milesapp.com/repository/milesnpm-group/tunnel-agent/-/tunnel-agent-0.6.0.tgz",
      "integrity": "sha1-J6XeoGs2sEoKmWZ3SykIaPD8QP0="
    },
    "tweetnacl": {
      "version": "0.14.5",
      "resolved": "https://vanir.rmm.milesapp.com/repository/milesnpm-group/tweetnacl/-/tweetnacl-0.14.5.tgz",
      "integrity": "sha1-WuaBd/GS1EViadEIr6k/+HQ/T2Q="
    },
    "underscore": {
      "version": "1.9.1",
      "resolved": "https://vanir.rmm.milesapp.com/repository/milesnpm-group/underscore/-/underscore-1.9.1.tgz",
      "integrity": "sha512-5/4etnCkd9c8gwgowi5/om/mYO5ajCaOgdzj/oW+0eQV9WxKBDZw5+ycmKmeaTXjInS/W0BzpGLo2xR2aBwZdg=="
    },
    "uri-js": {
      "version": "4.2.2",
      "resolved": "https://vanir.rmm.milesapp.com/repository/milesnpm-group/uri-js/-/uri-js-4.2.2.tgz",
      "integrity": "sha512-KY9Frmirql91X2Qgjry0Wd4Y+YTdrdZheS8TFwvkbLWf/G5KNJDCh6pKL5OZctEW4+0Baa5idK2ZQuELRwPznQ=="
    },
    "uuid": {
      "version": "3.3.2",
      "resolved": "https://vanir.rmm.milesapp.com/repository/milesnpm-group/uuid/-/uuid-3.3.2.tgz",
      "integrity": "sha512-yXJmeNaw3DnnKAOKJE51sL/ZaYfWJRl1pK9dr19YFCu0ObS231AB1/LbqTKRAQ5kw8A90rA6fr4riOUpTZvQZA=="
    },
    "verror": {
      "version": "1.10.0",
      "resolved": "https://vanir.rmm.milesapp.com/repository/milesnpm-group/verror/-/verror-1.10.0.tgz",
      "integrity": "sha1-OhBcoXBTr1XW4nDB+CiGguGNpAA="
    },
    "xml2js": {
      "version": "0.4.19",
      "resolved": "https://vanir.rmm.milesapp.com/repository/milesnpm-group/xml2js/-/xml2js-0.4.19.tgz",
      "integrity": "sha512-esZnJZJOiJR9wWKMyuvSE1y6Dq5LCuJanqhxslH2bxM6duahNZ+HMpCLhBQGZkbX6xRf8x1Y2eJlgt2q3qo49Q==",
      "dependencies": {
        "xmlbuilder": {
          "version": "9.0.7",
          "resolved": "https://vanir.rmm.milesapp.com/repository/milesnpm-group/xmlbuilder/-/xmlbuilder-9.0.7.tgz",
          "integrity": "sha1-Ey7mPS7FVlxVfiD0wi35rKaGsQ0="
        }
      }
    },
    "xmlbuilder": {
      "version": "10.1.1",
      "resolved": "https://vanir.rmm.milesapp.com/repository/milesnpm-group/xmlbuilder/-/xmlbuilder-10.1.1.tgz",
      "integrity": "sha512-OyzrcFLL/nb6fMGHbiRDuPup9ljBycsdCypwuyg5AAHvyWzGfChJpCXMG88AGTIMFhGZ9RccFN1e6lhg3hkwKg=="
    }
  }
}
